
Microsoft Visual Studio Solution File, Format Version 12.00
# Visual Studio Version 17
VisualStudioVersion = 17.2.32602.215
MinimumVisualStudioVersion = 10.0.40219.1
Project("{FAE04EC0-301F-11D3-BF4B-00C04F79EFBC}") = "boolean_expressions", "boolean_expressions\boolean_expressions.csproj", "{0D0B05B6-7F20-43D8-A0C4-E23EC56ACAA2}"
EndProject
Global
	GlobalSection(SolutionConfigurationPlatforms) = preSolution
		Debug|Any CPU = Debug|Any CPU
		Release|Any CPU = Release|Any CPU
	EndGlobalSection
	GlobalSection(ProjectConfigurationPlatforms) = postSolution
		{0D0B05B6-7F20-43D8-A0C4-E23EC56ACAA2}.Debug|Any CPU.ActiveCfg = Debug|Any CPU
		{0D0B05B6-7F20-43D8-A0C4-E23EC56ACAA2}.Debug|Any CPU.Build.0 = Debug|Any CPU
		{0D0B05B6-7F20-43D8-A0C4-E23EC56ACAA2}.Release|Any CPU.ActiveCfg = Release|Any CPU
		{0D0B05B6-7F20-43D8-A0C4-E23EC56ACAA2}.Release|Any CPU.Build.0 = Release|Any CPU
	EndGlobalSection
	GlobalSection(SolutionProperties) = preSolution
		HideSolutionNode = FALSE
	EndGlobalSection
	GlobalSection(ExtensibilityGlobals) = postSolution
		SolutionGuid = {46B78B19-637D-4AC1-8450-C8566F12B57C}
	EndGlobalSection
EndGlobal
